
Microsoft Visual Studio Solution File, Format Version 12.00
# Visual Studio Version 16
VisualStudioVersion = 16.0.31702.278
MinimumVisualStudioVersion = 10.0.40219.1
Project("{888888A0-9F3D-457C-B088-3A5042F75D52}") = "WebullTradingBot", "WebullTradingBot\WebullTradingBot.pyproj", "{5B3D955F-97F3-4262-815E-2043E9E2E0CD}"
EndProject
Global
	GlobalSection(SolutionConfigurationPlatforms) = preSolution
		Debug|Any CPU = Debug|Any CPU
		Release|Any CPU = Release|Any CPU
	EndGlobalSection
	GlobalSection(ProjectConfigurationPlatforms) = postSolution
		{5B3D955F-97F3-4262-815E-2043E9E2E0CD}.Debug|Any CPU.ActiveCfg = Debug|Any CPU
		{5B3D955F-97F3-4262-815E-2043E9E2E0CD}.Release|Any CPU.ActiveCfg = Release|Any CPU
	EndGlobalSection
	GlobalSection(SolutionProperties) = preSolution
		HideSolutionNode = FALSE
	EndGlobalSection
	GlobalSection(ExtensibilityGlobals) = postSolution
		SolutionGuid = {C9F9672D-209F-45AA-8D25-E93F4373694E}
	EndGlobalSection
EndGlobal
